
Microsoft Visual Studio Solution File, Format Version 12.00
# Visual Studio Version 17
VisualStudioVersion = 17.5.33530.505
MinimumVisualStudioVersion = 10.0.40219.1
Project("{9A19103F-16F7-4668-BE54-9A1E7A4F7556}") = "api.parcial1", "api.examenparcial1\api.parcial1.csproj", "{C7E24C19-FDF8-4189-B9AE-8BA5FE10565F}"
	ProjectSection(ProjectDependencies) = postProject
		{203BFBF2-882D-4795-B73F-AEAE82B7F180} = {203BFBF2-882D-4795-B73F-AEAE82B7F180}
	EndProjectSection
EndProject
Project("{9A19103F-16F7-4668-BE54-9A1E7A4F7556}") = "Repository", "Repository\Repository.csproj", "{3A326292-7092-479E-B707-12EA61BB1460}"
EndProject
Project("{9A19103F-16F7-4668-BE54-9A1E7A4F7556}") = "Service", "Service\Service.csproj", "{203BFBF2-882D-4795-B73F-AEAE82B7F180}"
	ProjectSection(ProjectDependencies) = postProject
		{3A326292-7092-479E-B707-12EA61BB1460} = {3A326292-7092-479E-B707-12EA61BB1460}
	EndProjectSection
EndProject
Global
	GlobalSection(SolutionConfigurationPlatforms) = preSolution
		Debug|Any CPU = Debug|Any CPU
		Release|Any CPU = Release|Any CPU
	EndGlobalSection
	GlobalSection(ProjectConfigurationPlatforms) = postSolution
		{C7E24C19-FDF8-4189-B9AE-8BA5FE10565F}.Debug|Any CPU.ActiveCfg = Debug|Any CPU
		{C7E24C19-FDF8-4189-B9AE-8BA5FE10565F}.Debug|Any CPU.Build.0 = Debug|Any CPU
		{C7E24C19-FDF8-4189-B9AE-8BA5FE10565F}.Release|Any CPU.ActiveCfg = Release|Any CPU
		{C7E24C19-FDF8-4189-B9AE-8BA5FE10565F}.Release|Any CPU.Build.0 = Release|Any CPU
		{3A326292-7092-479E-B707-12EA61BB1460}.Debug|Any CPU.ActiveCfg = Debug|Any CPU
		{3A326292-7092-479E-B707-12EA61BB1460}.Debug|Any CPU.Build.0 = Debug|Any CPU
		{3A326292-7092-479E-B707-12EA61BB1460}.Release|Any CPU.ActiveCfg = Release|Any CPU
		{3A326292-7092-479E-B707-12EA61BB1460}.Release|Any CPU.Build.0 = Release|Any CPU
		{203BFBF2-882D-4795-B73F-AEAE82B7F180}.Debug|Any CPU.ActiveCfg = Debug|Any CPU
		{203BFBF2-882D-4795-B73F-AEAE82B7F180}.Debug|Any CPU.Build.0 = Debug|Any CPU
		{203BFBF2-882D-4795-B73F-AEAE82B7F180}.Release|Any CPU.ActiveCfg = Release|Any CPU
		{203BFBF2-882D-4795-B73F-AEAE82B7F180}.Release|Any CPU.Build.0 = Release|Any CPU
	EndGlobalSection
	GlobalSection(SolutionProperties) = preSolution
		HideSolutionNode = FALSE
	EndGlobalSection
	GlobalSection(ExtensibilityGlobals) = postSolution
		SolutionGuid = {1D5D322E-DC2E-4913-B6F2-C2E13779E1D3}
	EndGlobalSection
EndGlobal
